
Microsoft Visual Studio Solution File, Format Version 12.00
# Visual Studio Version 16
VisualStudioVersion = 16.0.31424.327
MinimumVisualStudioVersion = 10.0.40219.1
Project("{FAE04EC0-301F-11D3-BF4B-00C04F79EFBC}") = "Generics", "Generics\Generics.csproj", "{AAF0E9CA-85FE-4DA3-B545-B78E0451398C}"
EndProject
Global
	GlobalSection(SolutionConfigurationPlatforms) = preSolution
		Debug|Any CPU = Debug|Any CPU
		Release|Any CPU = Release|Any CPU
	EndGlobalSection
	GlobalSection(ProjectConfigurationPlatforms) = postSolution
		{AAF0E9CA-85FE-4DA3-B545-B78E0451398C}.Debug|Any CPU.ActiveCfg = Debug|Any CPU
		{AAF0E9CA-85FE-4DA3-B545-B78E0451398C}.Debug|Any CPU.Build.0 = Debug|Any CPU
		{AAF0E9CA-85FE-4DA3-B545-B78E0451398C}.Release|Any CPU.ActiveCfg = Release|Any CPU
		{AAF0E9CA-85FE-4DA3-B545-B78E0451398C}.Release|Any CPU.Build.0 = Release|Any CPU
	EndGlobalSection
	GlobalSection(SolutionProperties) = preSolution
		HideSolutionNode = FALSE
	EndGlobalSection
	GlobalSection(ExtensibilityGlobals) = postSolution
		SolutionGuid = {2ED6105D-A8A0-441F-ACA8-987E450957B5}
	EndGlobalSection
EndGlobal
