
Microsoft Visual Studio Solution File, Format Version 12.00
# Visual Studio Version 16
VisualStudioVersion = 16.0.31424.327
MinimumVisualStudioVersion = 10.0.40219.1
Project("{FAE04EC0-301F-11D3-BF4B-00C04F79EFBC}") = "Interfaces", "Interfaces\Interfaces.csproj", "{9AB10D54-8990-4D73-B771-BBC49C944E26}"
EndProject
Global
	GlobalSection(SolutionConfigurationPlatforms) = preSolution
		Debug|Any CPU = Debug|Any CPU
		Release|Any CPU = Release|Any CPU
	EndGlobalSection
	GlobalSection(ProjectConfigurationPlatforms) = postSolution
		{9AB10D54-8990-4D73-B771-BBC49C944E26}.Debug|Any CPU.ActiveCfg = Debug|Any CPU
		{9AB10D54-8990-4D73-B771-BBC49C944E26}.Debug|Any CPU.Build.0 = Debug|Any CPU
		{9AB10D54-8990-4D73-B771-BBC49C944E26}.Release|Any CPU.ActiveCfg = Release|Any CPU
		{9AB10D54-8990-4D73-B771-BBC49C944E26}.Release|Any CPU.Build.0 = Release|Any CPU
	EndGlobalSection
	GlobalSection(SolutionProperties) = preSolution
		HideSolutionNode = FALSE
	EndGlobalSection
	GlobalSection(ExtensibilityGlobals) = postSolution
		SolutionGuid = {4B1B84B1-07B4-4D15-859D-52621FB024C2}
	EndGlobalSection
EndGlobal
