
Microsoft Visual Studio Solution File, Format Version 12.00
# Visual Studio Version 16
VisualStudioVersion = 16.0.31410.357
MinimumVisualStudioVersion = 10.0.40219.1
Project("{FAE04EC0-301F-11D3-BF4B-00C04F79EFBC}") = "Matrizes", "Matrizes\Matrizes.csproj", "{3BD772DD-CB25-4852-A5A0-D943B57E931C}"
EndProject
Global
	GlobalSection(SolutionConfigurationPlatforms) = preSolution
		Debug|Any CPU = Debug|Any CPU
		Release|Any CPU = Release|Any CPU
	EndGlobalSection
	GlobalSection(ProjectConfigurationPlatforms) = postSolution
		{3BD772DD-CB25-4852-A5A0-D943B57E931C}.Debug|Any CPU.ActiveCfg = Debug|Any CPU
		{3BD772DD-CB25-4852-A5A0-D943B57E931C}.Debug|Any CPU.Build.0 = Debug|Any CPU
		{3BD772DD-CB25-4852-A5A0-D943B57E931C}.Release|Any CPU.ActiveCfg = Release|Any CPU
		{3BD772DD-CB25-4852-A5A0-D943B57E931C}.Release|Any CPU.Build.0 = Release|Any CPU
	EndGlobalSection
	GlobalSection(SolutionProperties) = preSolution
		HideSolutionNode = FALSE
	EndGlobalSection
	GlobalSection(ExtensibilityGlobals) = postSolution
		SolutionGuid = {3A1C74F0-481E-42B3-8B44-70E828C739D1}
	EndGlobalSection
EndGlobal
