
Microsoft Visual Studio Solution File, Format Version 12.00
# Visual Studio Version 16
VisualStudioVersion = 16.0.31410.357
MinimumVisualStudioVersion = 10.0.40219.1
Project("{FAE04EC0-301F-11D3-BF4B-00C04F79EFBC}") = "OperadorTernario", "OperadorTernario\OperadorTernario.csproj", "{890A75D1-1E2C-4CF6-A9BE-A0BF4E5C7386}"
EndProject
Global
	GlobalSection(SolutionConfigurationPlatforms) = preSolution
		Debug|Any CPU = Debug|Any CPU
		Release|Any CPU = Release|Any CPU
	EndGlobalSection
	GlobalSection(ProjectConfigurationPlatforms) = postSolution
		{890A75D1-1E2C-4CF6-A9BE-A0BF4E5C7386}.Debug|Any CPU.ActiveCfg = Debug|Any CPU
		{890A75D1-1E2C-4CF6-A9BE-A0BF4E5C7386}.Debug|Any CPU.Build.0 = Debug|Any CPU
		{890A75D1-1E2C-4CF6-A9BE-A0BF4E5C7386}.Release|Any CPU.ActiveCfg = Release|Any CPU
		{890A75D1-1E2C-4CF6-A9BE-A0BF4E5C7386}.Release|Any CPU.Build.0 = Release|Any CPU
	EndGlobalSection
	GlobalSection(SolutionProperties) = preSolution
		HideSolutionNode = FALSE
	EndGlobalSection
	GlobalSection(ExtensibilityGlobals) = postSolution
		SolutionGuid = {EF240A2D-CB93-44C9-8D5B-0058A78F8E7B}
	EndGlobalSection
EndGlobal
